<?xml version="1.0" encoding="utf-8"?>
<Project ToolsVersion="4.0" xmlns="http://schemas.microsoft.com/developer/msbuild/2003">
  <ItemGroup>
    <Filter Include="源文件">
      <UniqueIdentifier>{4FC737F1-C7A5-4376-A066-2A32D752A2FF}</UniqueIdentifier>
      <Extensions>cpp;c;cc;cxx;def;odl;idl;hpj;bat;asm;asmx</Extensions>
    </Filter>
    <Filter Include="头文件">
      <UniqueIdentifier>{93995380-89BD-4b04-88EB-625FBE52EBFB}</UniqueIdentifier>
      <Extensions>h;hh;hpp;hxx;hm;inl;inc;xsd</Extensions>
    </Filter>
    <Filter Include="资源文件">
      <UniqueIdentifier>{67DA6AB6-F800-4c08-8B7A-83BB121AAD01}</UniqueIdentifier>
      <Extensions>rc;ico;cur;bmp;dlg;rc2;rct;bin;rgs;gif;jpg;jpeg;jpe;resx;tiff;tif;png;wav;mfcribbon-ms</Extensions>
    </Filter>
  </ItemGroup>
  <ItemGroup>
    <Text Include="ReadMe.txt" />
  </ItemGroup>
  <ItemGroup>
    <ClInclude Include="CloudDisk.h">
      <Filter>头文件</Filter>
    </ClInclude>
    <ClInclude Include="CloudDiskDlg.h">
      <Filter>头文件</Filter>
    </ClInclude>
    <ClInclude Include="stdafx.h">
      <Filter>头文件</Filter>
    </ClInclude>
    <ClInclude Include="targetver.h">
      <Filter>头文件</Filter>
    </ClInclude>
    <ClInclude Include="Resource.h">
      <Filter>头文件</Filter>
    </ClInclude>
    <ClInclude Include="IndexLeft.h">
      <Filter>头文件</Filter>
    </ClInclude>
    <ClInclude Include="IndexRight.h">
      <Filter>头文件</Filter>
    </ClInclude>
    <ClInclude Include="MBT.h">
      <Filter>头文件</Filter>
    </ClInclude>
    <ClInclude Include="config.h">
      <Filter>头文件</Filter>
    </ClInclude>
    <ClInclude Include="Authority.h">
      <Filter>头文件</Filter>
    </ClInclude>
    <ClInclude Include="explorer1.h">
      <Filter>头文件</Filter>
    </ClInclude>
    <ClInclude Include="File_Divide_Calc.h">
      <Filter>头文件</Filter>
    </ClInclude>
    <ClInclude Include="File_Restore.h">
      <Filter>头文件</Filter>
    </ClInclude>
    <ClInclude Include="FileProcess.h">
      <Filter>头文件</Filter>
    </ClInclude>
    <ClInclude Include="cloud.h">
      <Filter>头文件</Filter>
    </ClInclude>
  </ItemGroup>
  <ItemGroup>
    <ClCompile Include="CloudDisk.cpp">
      <Filter>源文件</Filter>
    </ClCompile>
    <ClCompile Include="CloudDiskDlg.cpp">
      <Filter>源文件</Filter>
    </ClCompile>
    <ClCompile Include="stdafx.cpp">
      <Filter>源文件</Filter>
    </ClCompile>
    <ClCompile Include="IndexLeft.cpp">
      <Filter>源文件</Filter>
    </ClCompile>
    <ClCompile Include="IndexRight.cpp">
      <Filter>源文件</Filter>
    </ClCompile>
    <ClCompile Include="MBT.cpp">
      <Filter>源文件</Filter>
    </ClCompile>
    <ClCompile Include="config.cpp">
      <Filter>源文件</Filter>
    </ClCompile>
    <ClCompile Include="Authority.cpp">
      <Filter>源文件</Filter>
    </ClCompile>
    <ClCompile Include="explorer1.cpp">
      <Filter>源文件</Filter>
    </ClCompile>
    <ClCompile Include="File_Divide_Calc.c">
      <Filter>源文件</Filter>
    </ClCompile>
    <ClCompile Include="File_Restore.c">
      <Filter>源文件</Filter>
    </ClCompile>
    <ClCompile Include="FileProcess.cpp">
      <Filter>源文件</Filter>
    </ClCompile>
    <ClCompile Include="cloud.cpp">
      <Filter>源文件</Filter>
    </ClCompile>
  </ItemGroup>
  <ItemGroup>
    <ResourceCompile Include="CloudDisk.rc">
      <Filter>资源文件</Filter>
    </ResourceCompile>
  </ItemGroup>
  <ItemGroup>
    <None Include="res\CloudDisk.rc2">
      <Filter>资源文件</Filter>
    </None>
  </ItemGroup>
  <ItemGroup>
    <Image Include="res\CloudDisk.ico">
      <Filter>资源文件</Filter>
    </Image>
    <Image Include="res\black.bmp">
      <Filter>资源文件</Filter>
    </Image>
    <Image Include="res\logo.png">
      <Filter>资源文件</Filter>
    </Image>
    <Image Include="res\about_normal.bmp">
      <Filter>资源文件</Filter>
    </Image>
    <Image Include="res\config_normal.bmp">
      <Filter>资源文件</Filter>
    </Image>
    <Image Include="res\new_normal.bmp">
      <Filter>资源文件</Filter>
    </Image>
    <Image Include="res\trans_normal.bmp">
      <Filter>资源文件</Filter>
    </Image>
    <Image Include="res\back_normal.bmp">
      <Filter>资源文件</Filter>
    </Image>
    <Image Include="res\index_right_trans.png">
      <Filter>资源文件</Filter>
    </Image>
    <Image Include="res\about_over.bmp">
      <Filter>资源文件</Filter>
    </Image>
    <Image Include="res\back_over.bmp">
      <Filter>资源文件</Filter>
    </Image>
    <Image Include="res\config_over.bmp">
      <Filter>资源文件</Filter>
    </Image>
    <Image Include="res\new_over.bmp">
      <Filter>资源文件</Filter>
    </Image>
    <Image Include="res\trans_over.bmp">
      <Filter>资源文件</Filter>
    </Image>
    <Image Include="res\main_menu.bmp">
      <Filter>资源文件</Filter>
    </Image>
    <Image Include="res\main_menu_over.bmp">
      <Filter>资源文件</Filter>
    </Image>
    <Image Include="res\main_menu_normal.bmp">
      <Filter>资源文件</Filter>
    </Image>
    <Image Include="res\main_back.bmp">
      <Filter>资源文件</Filter>
    </Image>
    <Image Include="res\index_left_bg.bmp">
      <Filter>资源文件</Filter>
    </Image>
    <Image Include="res\index_right_config.png">
      <Filter>资源文件</Filter>
    </Image>
    <Image Include="res\index_right_about.png">
      <Filter>资源文件</Filter>
    </Image>
    <Image Include="res\index_right_new.png">
      <Filter>资源文件</Filter>
    </Image>
    <Image Include="res\main_bt_upload_normal.bmp">
      <Filter>资源文件</Filter>
    </Image>
    <Image Include="res\main_bt_upload_over.bmp">
      <Filter>资源文件</Filter>
    </Image>
    <Image Include="res\main_bt_refresh_normal.bmp">
      <Filter>资源文件</Filter>
    </Image>
    <Image Include="res\main_bt_refresh_over.bmp">
      <Filter>资源文件</Filter>
    </Image>
    <Image Include="res\main_title.bmp">
      <Filter>资源文件</Filter>
    </Image>
    <Image Include="res\config_title.bmp">
      <Filter>资源文件</Filter>
    </Image>
    <Image Include="res\new_title.bmp">
      <Filter>资源文件</Filter>
    </Image>
    <Image Include="res\trans_title.bmp">
      <Filter>资源文件</Filter>
    </Image>
    <Image Include="res\main_bt_download_normal.bmp">
      <Filter>资源文件</Filter>
    </Image>
    <Image Include="res\main_bt_download_over.bmp">
      <Filter>资源文件</Filter>
    </Image>
  </ItemGroup>
</Project>